PODS:
  - AccountDomain (1.0)
  - AccountDomainv2 (1.0)
  - shared (1.0)

DEPENDENCIES:
  - AccountDomain (from `../AccountDomain`)
  - AccountDomainv2 (from `../AccountDomainv2`)
  - shared (from `../shared`)

EXTERNAL SOURCES:
  AccountDomain:
    :path: "../AccountDomain"
  AccountDomainv2:
    :path: "../AccountDomainv2"
  shared:
    :path: "../shared"

SPEC CHECKSUMS:
  AccountDomain: f7e3fb768667e88de457c567ea427c6f25f6c0aa
  AccountDomainv2: d606f73a84354db374f7c7cc274571edc176c8e5
  shared: 07cac7993e4f05eda6b76f3a213b070947c3b79f

PODFILE CHECKSUM: f8b8d3e4a25e48f64ef7e50d7b9495056f25431c

COCOAPODS: 1.11.3
